
Microsoft Visual Studio Solution File, Format Version 12.00
# Visual Studio Version 17
VisualStudioVersion = 17.4.33403.182
MinimumVisualStudioVersion = 10.0.40219.1
Project("{FAE04EC0-301F-11D3-BF4B-00C04F79EFBC}") = "EventSourcing.Domain", "EventSourcing.Domain\EventSourcing.Domain.csproj", "{8EF1A33F-E1B1-4B30-8535-AB80C2789035}"
EndProject
Project("{FAE04EC0-301F-11D3-BF4B-00C04F79EFBC}") = "EventSourcing.Application", "EventSourcing.Application\EventSourcing.Application.csproj", "{88762433-81A8-4416-AAA4-9CB79685287D}"
EndProject
Project("{FAE04EC0-301F-11D3-BF4B-00C04F79EFBC}") = "EventSourcing.Api", "EventSourcing.Api\EventSourcing.Api.csproj", "{367CEEC0-447A-485B-A570-6BD5936CF4DF}"
EndProject
Global
	GlobalSection(SolutionConfigurationPlatforms) = preSolution
		Debug|Any CPU = Debug|Any CPU
		Release|Any CPU = Release|Any CPU
	EndGlobalSection
	GlobalSection(ProjectConfigurationPlatforms) = postSolution
		{8EF1A33F-E1B1-4B30-8535-AB80C2789035}.Debug|Any CPU.ActiveCfg = Debug|Any CPU
		{8EF1A33F-E1B1-4B30-8535-AB80C2789035}.Debug|Any CPU.Build.0 = Debug|Any CPU
		{8EF1A33F-E1B1-4B30-8535-AB80C2789035}.Release|Any CPU.ActiveCfg = Release|Any CPU
		{8EF1A33F-E1B1-4B30-8535-AB80C2789035}.Release|Any CPU.Build.0 = Release|Any CPU
		{88762433-81A8-4416-AAA4-9CB79685287D}.Debug|Any CPU.ActiveCfg = Debug|Any CPU
		{88762433-81A8-4416-AAA4-9CB79685287D}.Debug|Any CPU.Build.0 = Debug|Any CPU
		{88762433-81A8-4416-AAA4-9CB79685287D}.Release|Any CPU.ActiveCfg = Release|Any CPU
		{88762433-81A8-4416-AAA4-9CB79685287D}.Release|Any CPU.Build.0 = Release|Any CPU
		{367CEEC0-447A-485B-A570-6BD5936CF4DF}.Debug|Any CPU.ActiveCfg = Debug|Any CPU
		{367CEEC0-447A-485B-A570-6BD5936CF4DF}.Debug|Any CPU.Build.0 = Debug|Any CPU
		{367CEEC0-447A-485B-A570-6BD5936CF4DF}.Release|Any CPU.ActiveCfg = Release|Any CPU
		{367CEEC0-447A-485B-A570-6BD5936CF4DF}.Release|Any CPU.Build.0 = Release|Any CPU
	EndGlobalSection
	GlobalSection(SolutionProperties) = preSolution
		HideSolutionNode = FALSE
	EndGlobalSection
	GlobalSection(ExtensibilityGlobals) = postSolution
		SolutionGuid = {0AA96AA9-9386-49A8-A84E-8F403E73544B}
	EndGlobalSection
EndGlobal
